
Microsoft Visual Studio Solution File, Format Version 12.00
# Visual Studio 15
VisualStudioVersion = 15.0.27004.2005
MinimumVisualStudioVersion = 10.0.40219.1
Project("{FAE04EC0-301F-11D3-BF4B-00C04F79EFBC}") = "PRAserver", "PRAserver\PRAserver.csproj", "{5D366540-0F1A-4B8C-83D4-534126BC327A}"
EndProject
Global
	GlobalSection(SolutionConfigurationPlatforms) = preSolution
		Debug|Any CPU = Debug|Any CPU
		Release|Any CPU = Release|Any CPU
	EndGlobalSection
	GlobalSection(ProjectConfigurationPlatforms) = postSolution
		{5D366540-0F1A-4B8C-83D4-534126BC327A}.Debug|Any CPU.ActiveCfg = Debug|Any CPU
		{5D366540-0F1A-4B8C-83D4-534126BC327A}.Debug|Any CPU.Build.0 = Debug|Any CPU
		{5D366540-0F1A-4B8C-83D4-534126BC327A}.Release|Any CPU.ActiveCfg = Release|Any CPU
		{5D366540-0F1A-4B8C-83D4-534126BC327A}.Release|Any CPU.Build.0 = Release|Any CPU
	EndGlobalSection
	GlobalSection(SolutionProperties) = preSolution
		HideSolutionNode = FALSE
	EndGlobalSection
	GlobalSection(ExtensibilityGlobals) = postSolution
		SolutionGuid = {EC0373EC-CB01-4427-A0FD-BAC41D6027C5}
	EndGlobalSection
EndGlobal
